version = 1
revision = 3
requires-python = ">=3.8"
resolution-markers = [
    "python_full_version >= '3.10'",
    "python_full_version == '3.9.*'",
    "python_full_version < '3.9'",
]

[[package]]
name = "altgraph"
version = "0.17.4"
source = { registry = "https://mirrors.aliyun.com/pypi/simple/" }
sdist = { url = "https://mirrors.aliyun.com/pypi/packages/de/a8/7145824cf0b9e3c28046520480f207df47e927df83aa9555fb47f8505922/altgraph-0.17.4.tar.gz", hash = "sha256:1b5afbb98f6c4dcadb2e2ae6ab9fa994bbb8c1d75f4fa96d340f9437ae454406" }
wheels = [
    { url = "https://mirrors.aliyun.com/pypi/packages/4d/3f/3bc3f1d83f6e4a7fcb834d3720544ca597590425be5ba9db032b2bf322a2/altgraph-0.17.4-py2.py3-none-any.whl", hash = "sha256:642743b4750de17e655e6711601b077bc6598dbfa3ba5fa2b2a35ce12b508dff" },
]

[[package]]
name = "click"
version = "8.1.8"
source = { registry = "https://mirrors.aliyun.com/pypi/simple/" }
resolution-markers = [
    "python_full_version == '3.9.*'",
    "python_full_version < '3.9'",
]
dependencies = [
    { name = "colorama", marker = "python_full_version < '3.10' and sys_platform == 'win32'" },
]
sdist = { url = "https://mirrors.aliyun.com/pypi/packages/b9/2e/0090cbf739cee7d23781ad4b89a9894a41538e4fcf4c31dcdd705b78eb8b/click-8.1.8.tar.gz", hash = "sha256:ed53c9d8990d83c2a27deae68e4ee337473f6330c040a31d4225c9574d16096a" }
wheels = [
    { url = "https://mirrors.aliyun.com/pypi/packages/7e/d4/7ebdbd03970677812aac39c869717059dbb71a4cfc033ca6e5221787892c/click-8.1.8-py3-none-any.whl", hash = "sha256:63c132bbbed01578a06712a2d1f497bb62d9c1c0d329b7903a866228027263b2" },
]

[[package]]
name = "click"
version = "8.2.1"
source = { registry = "https://mirrors.aliyun.com/pypi/simple/" }
resolution-markers = [
    "python_full_version >= '3.10'",
]
dependencies = [
    { name = "colorama", marker = "python_full_version >= '3.10' and sys_platform == 'win32'" },
]
sdist = { url = "https://mirrors.aliyun.com/pypi/packages/60/6c/8ca2efa64cf75a977a0d7fac081354553ebe483345c734fb6b6515d96bbc/click-8.2.1.tar.gz", hash = "sha256:27c491cc05d968d271d5a1db13e3b5a184636d9d930f148c50b038f0d0646202" }
wheels = [
    { url = "https://mirrors.aliyun.com/pypi/packages/85/32/10bb5764d90a8eee674e9dc6f4db6a0ab47c8c4d0d83c27f7c39ac415a4d/click-8.2.1-py3-none-any.whl", hash = "sha256:61a3265b914e850b85317d0b3109c7f8cd35a670f963866005d6ef1d5175a12b" },
]

[[package]]
name = "colorama"
version = "0.4.6"
source = { registry = "https://mirrors.aliyun.com/pypi/simple/" }
sdist = { url = "https://mirrors.aliyun.com/pypi/packages/d8/53/6f443c9a4a8358a93a6792e2acffb9d9d5cb0a5cfd8802644b7b1c9a02e4/colorama-0.4.6.tar.gz", hash = "sha256:08695f5cb7ed6e0531a20572697297273c47b8cae5a63ffc6d6ed5c201be6e44" }
wheels = [
    { url = "https://mirrors.aliyun.com/pypi/packages/d1/d6/3965ed04c63042e047cb6a3e6ed1a63a35087b6a609aa3a15ed8ac56c221/colorama-0.4.6-py2.py3-none-any.whl", hash = "sha256:4f1d9991f5acc0ca119f9d443620b77f9d6b33703e51011c16baf57afb285fc6" },
]

[[package]]
name = "cython"
version = "3.1.3"
source = { registry = "https://mirrors.aliyun.com/pypi/simple/" }
sdist = { url = "https://mirrors.aliyun.com/pypi/packages/18/ab/915337fb39ab4f4539a313df38fc69938df3bf14141b90d61dfd5c2919de/cython-3.1.3.tar.gz", hash = "sha256:10ee785e42328924b78f75a74f66a813cb956b4a9bc91c44816d089d5934c089" }
wheels = [
    { url = "https://mirrors.aliyun.com/pypi/packages/0b/12/ecb00199828b31ded9a2304ade880389f8b682b6c2b73bb2ec6ae409bb9d/cython-3.1.3-cp310-cp310-macosx_10_9_x86_64.whl", hash = "sha256:ae7683987eea77890eb3251738b52a775565652730d6a1a6e39c5e1351d7d89b" },
    { url = "https://mirrors.aliyun.com/pypi/packages/22/dd/2fccd072683f34cbda19543ca1ca38241fc148a2c67ddfc50b34ba55fe0c/cython-3.1.3-cp310-cp310-macosx_11_0_arm64.whl", hash = "sha256:38e268eba028760167188ae81091f5380ca40a72d2a9eaff4fc6d41fd73a9254" },
    { url = "https://mirrors.aliyun.com/pypi/packages/f4/fb/401aa5058a8deac63bfef18d8f7d9ac2584acd1c125c44bc50a78f3cd119/cython-3.1.3-cp310-cp310-manylinux1_i686.manylinux_2_28_i686.manylinux_2_5_i686.whl", hash = "sha256:16dc5d40712b73f663c3ae19a283b9f2c6228d47eb8369bc87d1d8fc35c2bce8" },
    { url = "https://mirrors.aliyun.com/pypi/packages/8e/16/19d6d700e89c0c9bca438b3a0b6b791e98723730b0d2020c965be262fb5f/cython-3.1.3-cp310-cp310-manylinux2014_aarch64.manylinux_2_17_aarch64.manylinux_2_28_aarch64.whl", hash = "sha256:ea4116d35642d2b56d105b82c53480677d6e97bff354977948587512328b14d9" },
    { url = "https://mirrors.aliyun.com/pypi/packages/0b/5a/aab6a9a85bd6126e6bce1c1ec6dd433700b45f3d9659b1451aef85a3c5e5/cython-3.1.3-cp310-cp310-manylinux2014_x86_64.manylinux_2_17_x86_64.manylinux_2_28_x86_64.whl", hash = "sha256:c366a179d0c1f285c661efddcfe969f40208f76f008d4a5a657a0822ae3dbf96" },
    { url = "https://mirrors.aliyun.com/pypi/packages/ae/8e/b706139324143006786e3e1eeb39e919b68be94bb3f9201b7c1166d33fa3/cython-3.1.3-cp310-cp310-musllinux_1_2_aarch64.whl", hash = "sha256:3af75ad4f490708f4254aa143991dd5cb59c1bda328a099ecf056add2aa81209" },
    { url = "https://mirrors.aliyun.com/pypi/packages/f7/72/f22a0aa6bf2b0a971aea848f2025f1755ec6f01980faf66c17da92caa99a/cython-3.1.3-cp310-cp310-musllinux_1_2_i686.whl", hash = "sha256:d03179a36256031be112e4ae0b41cc18fe26eef54ef615b7ee859be9bb30260a" },
    { url = "https://mirrors.aliyun.com/pypi/packages/6c/49/c6f8cb56daf81821e2521b9b07988fdfb03a6c3e5deed0e419a245ef6287/cython-3.1.3-cp310-cp310-musllinux_1_2_x86_64.whl", hash = "sha256:4680169f2839294d33e8c290e780cee87417b4544ff0bd3f1ca5edbeda608292" },
    { url = "https://mirrors.aliyun.com/pypi/packages/9b/f0/9dbafdbac6086fb172fff747ddf7ea9f2b4baa9b833c32add6b3a41ba038/cython-3.1.3-cp310-cp310-win32.whl", hash = "sha256:f3897d5763df5ffc78327605c5a62748a04f043458928b33b2032ebefa35ee6d" },
    { url = "https://mirrors.aliyun.com/pypi/packages/cd/47/540b7e95acacfd5f98c09207c3786e9ac3c716eb507dae07ccf97d3c9497/cython-3.1.3-cp310-cp310-win_amd64.whl", hash = "sha256:840755545f61e79b3f75c92af7c0c19ab89f57c5521bf0fb59660412dd50c5c4" },
    { url = "https://mirrors.aliyun.com/pypi/packages/b5/51/54f5d1bed7b7d003d0584996a030542497aeb05b9241782c217ea71061f5/cython-3.1.3-cp311-cp311-macosx_10_9_x86_64.whl", hash = "sha256:4b3b2f6587b42efdece2d174a2aa4234da4524cc6673f3955c2e62b60c6d11fd" },
    { url = "https://mirrors.aliyun.com/pypi/packages/05/07/b4043fed60070ee21b0d9ff3a877d2ecdc79231e55119ce852b79b690306/cython-3.1.3-cp311-cp311-macosx_11_0_arm64.whl", hash = "sha256:963cf640d049fcca1cefd62d1653f859892d6dc8e4d958eb49a5babc491de6a1" },
    { url = "https://mirrors.aliyun.com/pypi/packages/b4/e3/67d349b5310a40f281e153e826ca24d9f7ba2997c06800eda781253dccfd/cython-3.1.3-cp311-cp311-manylinux1_i686.manylinux_2_28_i686.manylinux_2_5_i686.whl", hash = "sha256:2ab05d1bf2d5522ecff35d94ca233b77db2300413597c3ca0b6448377fa4bd7c" },
    { url = "https://mirrors.aliyun.com/pypi/packages/49/c4/84aae921135174111091547fa726ea5f8bba718cd12b2589a70c2aab8d5c/cython-3.1.3-cp311-cp311-manylinux2014_aarch64.manylinux_2_17_aarch64.manylinux_2_28_aarch64.whl", hash = "sha256:cd517e3be052fb49443585b01f02f46080b3408e32c1108a0fdc4cc25b3c9d30" },
    { url = "https://mirrors.aliyun.com/pypi/packages/e2/85/1bf18883f1a1f656ad83a671e54553caedb1ee2f39a3e792a14aa82557a2/cython-3.1.3-cp311-cp311-manylinux2014_x86_64.manylinux_2_17_x86_64.manylinux_2_28_x86_64.whl", hash = "sha256:a48e2180d74e3c528561d85b48f9a939a429537f9ea8aac7fb16180e7bff47e2" },
    { url = "https://mirrors.aliyun.com/pypi/packages/68/da/cc1373decc0d14a25f1b434f47de5e27696f3092319aa5e19fcf84157415/cython-3.1.3-cp311-cp311-musllinux_1_2_aarch64.whl", hash = "sha256:e7c9daa90b15f59aa2a0d638ac1b36777a7e80122099952a0295c71190ce14bc" },
    { url = "https://mirrors.aliyun.com/pypi/packages/0a/32/e10582d6f7b02ee63607f388dbbd34e329c54559c85961ddc5c655266519/cython-3.1.3-cp311-cp311-musllinux_1_2_i686.whl", hash = "sha256:08ac646ff42781827f23b7a9b61669cdb92055f52724cd8cbe0e1defc56fce2e" },
    { url = "https://mirrors.aliyun.com/pypi/packages/e0/da/5b0d1b5a4c7622ec812ad9374c9c6b426d69818f13f51e36f4f25ca01c86/cython-3.1.3-cp311-cp311-musllinux_1_2_x86_64.whl", hash = "sha256:bb0e0e7fceaffa22e4dc9600f7f75998eef5cc6ac5a8c0733b482851ba765ef2" },
    { url = "https://mirrors.aliyun.com/pypi/packages/b0/5f/f102f6c8d27338f0baf094754c67f920828a19612053abc903e66f84506f/cython-3.1.3-cp311-cp311-win32.whl", hash = "sha256:42b1c3ebe36a52e2a8e939c0651e9ca5d30b81d03f800bbf0499deb0503ab565" },
    { url = "https://mirrors.aliyun.com/pypi/packages/b7/60/415d0f0f7c2e227707baec11c968387d33507d2eb7f26a2950a323c705e5/cython-3.1.3-cp311-cp311-win_amd64.whl", hash = "sha256:34a973844998281951bf54cdd0b6a9946ba03ba94580820738583a00da167d8f" },
    { url = "https://mirrors.aliyun.com/pypi/packages/79/26/f433fdfd5182b9231819a99acc49a1f856669532306e7a38dce63ba7297e/cython-3.1.3-cp312-cp312-macosx_10_13_x86_64.whl", hash = "sha256:849ef3d15d4354e5f74cdb6d3c80d80b03209b3bf1f4ff93315890b19da18944" },
    { url = "https://mirrors.aliyun.com/pypi/packages/e5/6c/1bebf44f5f177f8c750e608f82c08cd699b8f28cc233e799379bfcf2a2c2/cython-3.1.3-cp312-cp312-macosx_11_0_arm64.whl", hash = "sha256:93dd0f62a3f8e93166d8584f8b243180d681ba8fed1f530b55d5f70c348c5797" },
    { url = "https://mirrors.aliyun.com/pypi/packages/c7/74/983005ce5954f6dc8360b105a561e51a60ea619c53296afac98253d1c9d7/cython-3.1.3-cp312-cp312-manylinux1_i686.manylinux_2_28_i686.manylinux_2_5_i686.whl", hash = "sha256:ff4a2cb84798faffb3988bd94636c3ad31a95ff44ef017f09121abffc56f84cf" },
    { url = "https://mirrors.aliyun.com/pypi/packages/68/50/dbe7edefe9b652bc72d49da07785173e89197b9a2d64a2ac45da9795eccf/cython-3.1.3-cp312-cp312-manylinux2014_aarch64.manylinux_2_17_aarch64.manylinux_2_28_aarch64.whl", hash = "sha256:4b05319e36f34d5388deea5cc2bcfd65f9ebf76f4ea050829421a69625dbba4a" },
    { url = "https://mirrors.aliyun.com/pypi/packages/4a/55/b50548b77203e22262002feae23a172f95282b4b8deb5ad104f08e3dc20d/cython-3.1.3-cp312-cp312-manylinux2014_x86_64.manylinux_2_17_x86_64.manylinux_2_28_x86_64.whl", hash = "sha256:7ac902a17934a6da46f80755f49413bc4c03a569ae3c834f5d66da7288ba7e6c" },
    { url = "https://mirrors.aliyun.com/pypi/packages/f6/1b/20a97507d528dc330d67be4fbad6bc767c681d56192bce8f7117a187b2ad/cython-3.1.3-cp312-cp312-musllinux_1_2_aarch64.whl", hash = "sha256:7d7a555a864b1b08576f9e8a67f3789796a065837544f9f683ebf3188012fdbd" },
    { url = "https://mirrors.aliyun.com/pypi/packages/43/a5/7b32a19c4c6bb0e2cc7ae52269b6b23a42f67f730e4abd4f8dca63660f7a/cython-3.1.3-cp312-cp312-musllinux_1_2_i686.whl", hash = "sha256:b827ce7d97ef8624adcf2bdda594b3dcb6c9b4f124d8f72001d8aea27d69dc1c" },
    { url = "https://mirrors.aliyun.com/pypi/packages/ba/e1/08cfd4c5e99f79e62d4a7b0009bbd906748633270935c8a55eee51fead76/cython-3.1.3-cp312-cp312-musllinux_1_2_x86_64.whl", hash = "sha256:7851107204085f4f02d0eb6b660ddcad2ce4846e8b7a1eaba724a0bd3cd68a6b" },
    { url = "https://mirrors.aliyun.com/pypi/packages/23/1b/f3d384be86fa2a6e110b42f42bf97295a513197aaa5532f451c73bf5b48e/cython-3.1.3-cp312-cp312-win32.whl", hash = "sha256:ed20f1b45b2da5a4f8e71a80025bca1cdc96ba35820b0b17658a4a025be920b0" },
    { url = "https://mirrors.aliyun.com/pypi/packages/de/f0/17cff75e3c141bda73d770f7412632f53e55778d3bfdadfeec4dd3a7d1d6/cython-3.1.3-cp312-cp312-win_amd64.whl", hash = "sha256:dc4ca0f4dec55124cd79ddcfc555be1cbe0092cc99bcf1403621d17b9c6218bb" },
    { url = "https://mirrors.aliyun.com/pypi/packages/7f/93/0e5dfcc6215a6c2cae509d7e40f8fb197237ba5998c936e9c19692f8eedf/cython-3.1.3-cp313-cp313-macosx_10_13_x86_64.whl", hash = "sha256:9458d540ef0853ea4fc65b8a946587bd483ef7244b470b3d93424eb7b04edeb1" },
    { url = "https://mirrors.aliyun.com/pypi/packages/6b/6c/01b22de45e3a9b86fbe4a18cd470146514209448cb4d3d3ba9c72390d45b/cython-3.1.3-cp313-cp313-macosx_11_0_arm64.whl", hash = "sha256:32d1b22c3b231326e9f16480a7f508c6841bbf7d0615c2d6f489ebc72dd05205" },
    { url = "https://mirrors.aliyun.com/pypi/packages/52/08/a7d4b91b144b4bd015e932303861061cd43221f737ecdc6e380a438f245f/cython-3.1.3-cp313-cp313-manylinux1_i686.manylinux_2_28_i686.manylinux_2_5_i686.whl", hash = "sha256:d4c7e0b8584b02a349952de7d7d47f89c97cbf3fee74962e89e3caa78139ec84" },
    { url = "https://mirrors.aliyun.com/pypi/packages/f5/7d/b44ee735439ee73a88c6532536cfbc5b2f146c5f315effa124e85aadb447/cython-3.1.3-cp313-cp313-manylinux2014_aarch64.manylinux_2_17_aarch64.manylinux_2_28_aarch64.whl", hash = "sha256:c9178f0c06f4bc92372dc44e3867e9285bebd556953e47857c26b389aabe2828" },
    { url = "https://mirrors.aliyun.com/pypi/packages/a8/e0/ef1a44ba765057b04e99cf34dcc1910706a666ea66fcd2b92175ab645416/cython-3.1.3-cp313-cp313-manylinux2014_x86_64.manylinux_2_17_x86_64.manylinux_2_28_x86_64.whl", hash = "sha256:d4da2e624d381e9790152672bfc599a5fb4b823b99d82700a10f5db3311851f9" },
    { url = "https://mirrors.aliyun.com/pypi/packages/62/f1/8bf3ea5babdef82df3023e72522c71bfc5cc5091e9710828a0dda81bda88/cython-3.1.3-cp313-cp313-musllinux_1_2_aarch64.whl", hash = "sha256:680c9168882c5e8031dd31df199b9a5ee897e95136d15f8c6454b62162ede25e" },
    { url = "https://mirrors.aliyun.com/pypi/packages/b5/c3/c1383f987d3add9cb8655943f6a0f164bfd06951f28e51b7887d12c8716a/cython-3.1.3-cp313-cp313-musllinux_1_2_i686.whl", hash = "sha256:833cd0fdba9210d2f1f29e097579565a296d7ff567fd63e8cf5fde4c14339f4f" },
    { url = "https://mirrors.aliyun.com/pypi/packages/71/d5/02fb7454756cb31b0c044050ee563ac172314aa8e74e5a4dd73bf77041d3/cython-3.1.3-cp313-cp313-musllinux_1_2_x86_64.whl", hash = "sha256:c04367fa0e6c35b199eb51d64b5e185584b810f6c2b96726ce450300faf99686" },
    { url = "https://mirrors.aliyun.com/pypi/packages/91/62/b96227adf45236952f7cf07f869ff4157b82fe25ff7bb5ba9a3037c98993/cython-3.1.3-cp313-cp313-win32.whl", hash = "sha256:f02ef2bf72a576bf541534c704971b8901616db431bc46d368eed1d6b20aaa1e" },
    { url = "https://mirrors.aliyun.com/pypi/packages/74/09/100c0727d0fc8e4d7134c44c12b8c623e40f309401af56b7f6faf795c4bb/cython-3.1.3-cp313-cp313-win_amd64.whl", hash = "sha256:00264cafcc451dcefc01eaf29ed5ec150fb73af21d4d21105d97e9d829a53e99" },
    { url = "https://mirrors.aliyun.com/pypi/packages/23/0e/6e535f2eedf0ddc3c84b087e5d0f04a7b88d8229ec8c27be41a142bcbbfa/cython-3.1.3-cp314-cp314-macosx_10_13_x86_64.whl", hash = "sha256:62b0a9514b68391aae9784405b65738bbe19cdead3dd7b90dd9e963281db1ee3" },
    { url = "https://mirrors.aliyun.com/pypi/packages/77/10/3c9e2abf315f608bc22f49b6f9ee66859c23e07edbf484522d5f27b61ab7/cython-3.1.3-cp314-cp314-macosx_11_0_arm64.whl", hash = "sha256:976db373c315f342dcb24cd65b5e4c08d2c7b42f9f6ac1b3f677eb2abc9bfb0f" },
    { url = "https://mirrors.aliyun.com/pypi/packages/cd/77/04e39af308d5716640bc638e7d90d8be34277ebc642ea5bda5ac09628215/cython-3.1.3-cp314-cp314-manylinux1_i686.manylinux_2_28_i686.manylinux_2_5_i686.whl", hash = "sha256:e765c12a02dea0bd968cf1e85af77be1dc6d21909c3fbf5bd81815a7cdd4a65e" },
    { url = "https://mirrors.aliyun.com/pypi/packages/75/f4/bdbc989ad88401e03ffe17e0bc3a03e3fe5dccbeb9c90e8762d7da4c7a45/cython-3.1.3-cp314-cp314-manylinux2014_aarch64.manylinux_2_17_aarch64.manylinux_2_28_aarch64.whl", hash = "sha256:097374fa1370e9967e48442a41a0acbebb94fe9d63976cad31eacd38424847bf" },
    { url = "https://mirrors.aliyun.com/pypi/packages/a2/c8/9f282e5d31280f3912199b638c71557062443608eb3909a562283eda376d/cython-3.1.3-cp314-cp314-manylinux2014_x86_64.manylinux_2_17_x86_64.manylinux_2_28_x86_64.whl", hash = "sha256:29d8fda4d62b693e62992c665a688e3a220be70958c48eb4c2634093c9998156" },
    { url = "https://mirrors.aliyun.com/pypi/packages/0a/09/83416a454a575e3ea7e84ec138f0b6dbfb34de28de4968359d7fdb428028/cython-3.1.3-cp314-cp314-musllinux_1_2_aarch64.whl", hash = "sha256:da23fa5082940ae1eed487ee9b7c1da7015b53f9feffeee661f4ee57f696dcd5" },
    { url = "https://mirrors.aliyun.com/pypi/packages/8f/dc/901ed74302d52105588c59a41a239ef6bd01ff708391a15938aba9670b9e/cython-3.1.3-cp314-cp314-musllinux_1_2_i686.whl", hash = "sha256:8880daa7a0ddf971593f24da161c976bc1bea895393fdfebb8e54269321d9d2b" },
    { url = "https://mirrors.aliyun.com/pypi/packages/b7/6d/1e077b99a678b69a39bfe96e1888bcf6c868830220e635f862a44c7761b4/cython-3.1.3-cp314-cp314-musllinux_1_2_x86_64.whl", hash = "sha256:20d6b5a9fc210d3bc2880413011f606e1208e12ee6efc74717445a63f9795af1" },
    { url = "https://mirrors.aliyun.com/pypi/packages/00/cd/2c442e9e41eafa851d89af1f62720007e03a12e1c01d9a71ed75f550a6c5/cython-3.1.3-cp314-cp314-win32.whl", hash = "sha256:3b2243fed3eeb129dedf2cebbe3be0d9b02fbf3bc75b387aafd54aac3950baa6" },
    { url = "https://mirrors.aliyun.com/pypi/packages/ae/63/7a1f2f06331f7dcf3fd31721fdaa8b60762748b82395631c0324672a4f2b/cython-3.1.3-cp314-cp314-win_amd64.whl", hash = "sha256:d32792c80b1fa8be9de207ec8844d49c4d1d0d60e5136d20f344729270db6490" },
    { url = "https://mirrors.aliyun.com/pypi/packages/e0/7d/ce4b910ed223495416ea2cfa6b218b0cb9f2fa48d53aecc333b751269db3/cython-3.1.3-cp38-cp38-macosx_10_9_x86_64.whl", hash = "sha256:9ec6007da0395d6537f3946f5e0ae25a583e4cf652422b14ff65fe8b11467d8d" },
    { url = "https://mirrors.aliyun.com/pypi/packages/da/85/e0ea3455d63bb740a5d7018a44cffcedf66e84525ebc9e6c688670f73e9d/cython-3.1.3-cp38-cp38-macosx_11_0_arm64.whl", hash = "sha256:640f38f1e90bfd8ac1912a1af17574936ba30dc90797da0b11fee913a22f49a2" },
    { url = "https://mirrors.aliyun.com/pypi/packages/31/7d/079d05b289141389ce369c1472db6ad994dac1aba7b7d63a324615de0514/cython-3.1.3-cp38-cp38-manylinux1_i686.manylinux_2_28_i686.manylinux_2_5_i686.whl", hash = "sha256:46957ccbbc1647ba7efd72dabf031ec0eff9be1673de4a8aa99c8c1162d2f50f" },
    { url = "https://mirrors.aliyun.com/pypi/packages/62/41/0ec586bc3c49a7ed2da4ff3d967af6bc293082656c9c36b6cc4173aab861/cython-3.1.3-cp38-cp38-manylinux2014_aarch64.manylinux_2_17_aarch64.manylinux_2_28_aarch64.whl", hash = "sha256:ee16fb1c999b049b4e6b3438a56acb65e827f834105def8a9eee25ab9b2b18f8" },
    { url = "https://mirrors.aliyun.com/pypi/packages/e6/a5/0a8c4e8739b2fffdb67f2cbcda9367ec9cab6a38b21c92e1b48b55127045/cython-3.1.3-cp38-cp38-manylinux2014_x86_64.manylinux_2_17_x86_64.manylinux_2_28_x86_64.whl", hash = "sha256:1e7fc012991421720620aeb846f01f8acefdac4ff57819388036f6ab1d613b51" },
    { url = "https://mirrors.aliyun.com/pypi/packages/fb/38/6dbb53ebe1271800e0104fdd233ff41ebbc8e8714c9c3b3f4eccfa2c08e7/cython-3.1.3-cp38-cp38-musllinux_1_2_aarch64.whl", hash = "sha256:d5b7648ff5cd160fd6f94955944e2f6826b2ebff1b1d4bcd9dc98625ef1548b7" },
    { url = "https://mirrors.aliyun.com/pypi/packages/09/61/3f5442aba030decb4542da9184ac302611995ece468b4e741f072b7f2c7e/cython-3.1.3-cp38-cp38-musllinux_1_2_i686.whl", hash = "sha256:d1fff5b2a9dec9e300dc9430d163783968723faa7266646084ab5bb9fa79f4ce" },
    { url = "https://mirrors.aliyun.com/pypi/packages/6c/aa/f1bd987817ad099a730a72c52c42c24661b3030095c6ca30b4a230531eb1/cython-3.1.3-cp38-cp38-musllinux_1_2_x86_64.whl", hash = "sha256:661f0121bdd9fe1ec6583c41f110c0e24f9cf551b1bfa76fd436de628654f8b2" },
    { url = "https://mirrors.aliyun.com/pypi/packages/7d/14/3d998b00dcc4460abfd6ee3a5c6c7c82652feb296ebff9ede8824fa25b83/cython-3.1.3-cp38-cp38-win32.whl", hash = "sha256:9ec901176efca3628e017603978d931f69ddb078b01e7221dd3b874615fc5b13" },
    { url = "https://mirrors.aliyun.com/pypi/packages/31/f0/3eb39fa3e977e9cf23343271c48f92ee5b40e65fde69b44a8e7a449d849f/cython-3.1.3-cp38-cp38-win_amd64.whl", hash = "sha256:3003814be46f67ef997430c9ca5a1f6aa169a79df3faddb277c20fb9f52d1e4b" },
    { url = "https://mirrors.aliyun.com/pypi/packages/d3/48/d0d857efc0bcaa790f912657db6b8ab86f9f99978720ca1365b7361700d0/cython-3.1.3-cp39-cp39-macosx_10_9_x86_64.whl", hash = "sha256:db6b15c00fcd102bed7af25aa68f52789a81d02766f3ba9b6be57e2c6e7ecb4d" },
    { url = "https://mirrors.aliyun.com/pypi/packages/c8/33/8f343630d4d2e7c87bfadc5be99736678f304ef0c3f7a85ca05138f3d6a6/cython-3.1.3-cp39-cp39-macosx_11_0_arm64.whl", hash = "sha256:22473fe11a8dc156b66f5bd9e60b4dd59b9350a1ee70317c1dda9bb71e34b409" },
    { url = "https://mirrors.aliyun.com/pypi/packages/96/18/f9bc1023e7e85dc31fb494041a607379d2345397da7e82bfb24d267ab197/cython-3.1.3-cp39-cp39-manylinux1_i686.manylinux_2_28_i686.manylinux_2_5_i686.whl", hash = "sha256:f63b4e351ffa434b3b07629ab9068c25bfe322edc0c8f6b0310d950598ca5214" },
    { url = "https://mirrors.aliyun.com/pypi/packages/95/07/93aa66b1bf8ea4270ea62d0bd6ac4ac09c293776b979ee625c9a1ce9d667/cython-3.1.3-cp39-cp39-manylinux2014_aarch64.manylinux_2_17_aarch64.manylinux_2_28_aarch64.whl", hash = "sha256:fd2de686b64bef9a9efe059f826705b2a885cbcb9eff5eb8d42c290bdc72debd" },
    { url = "https://mirrors.aliyun.com/pypi/packages/98/3c/c387c9aeab9dd2fcd192ced5d955ddfa9ce62298c67e2f1d30c44e5527a3/cython-3.1.3-cp39-cp39-manylinux2014_x86_64.manylinux_2_17_x86_64.manylinux_2_28_x86_64.whl", hash = "sha256:40f519fb0757394c892f970ad4c299b27f348c96abe0a7f4882f57d288101fde" },
    { url = "https://mirrors.aliyun.com/pypi/packages/c1/48/136bb396b37b46099bbc18d9dcb47c78fb1c355fc9bf5a14c9288fff3793/cython-3.1.3-cp39-cp39-musllinux_1_2_aarch64.whl", hash = "sha256:c62c6eb8b3d500a236e30e9e192f7765506e729e745c25366429ba38652b9116" },
    { url = "https://mirrors.aliyun.com/pypi/packages/36/8f/38ef3046d2f16099f7c19224bc8acc21431c283813e40fd87d7d2cf493d9/cython-3.1.3-cp39-cp39-musllinux_1_2_i686.whl", hash = "sha256:8ea4e363a523eabd987852715372de6ed34c1af65d04357058b18e509e83bfb7" },
    { url = "https://mirrors.aliyun.com/pypi/packages/62/12/081ead136f1d64c4461a8e736b78f9082af0a6182a140cea78ef41210dc8/cython-3.1.3-cp39-cp39-musllinux_1_2_x86_64.whl", hash = "sha256:6aadf7de28bc75ddfe2ce2c53fc8acf428f0499b3ac62ab3cc3b71a248edf59b" },
    { url = "https://mirrors.aliyun.com/pypi/packages/56/c8/46ac27096684f33e27dab749ef43c6b0119c6a0d852971eaefb73256dc4c/cython-3.1.3-py3-none-any.whl", hash = "sha256:d13025b34f72f77bf7f65c1cd628914763e6c285f4deb934314c922b91e6be5a" },
]

[[package]]
name = "importlib-metadata"
version = "8.5.0"
source = { registry = "https://mirrors.aliyun.com/pypi/simple/" }
resolution-markers = [
    "python_full_version < '3.9'",
]
dependencies = [
    { name = "zipp", version = "3.20.2", source = { registry = "https://mirrors.aliyun.com/pypi/simple/" }, marker = "python_full_version < '3.9'" },
]
sdist = { url = "https://mirrors.aliyun.com/pypi/packages/cd/12/33e59336dca5be0c398a7482335911a33aa0e20776128f038019f1a95f1b/importlib_metadata-8.5.0.tar.gz", hash = "sha256:71522656f0abace1d072b9e5481a48f07c138e00f079c38c8f883823f9c26bd7" }
wheels = [
    { url = "https://mirrors.aliyun.com/pypi/packages/a0/d9/a1e041c5e7caa9a05c925f4bdbdfb7f006d1f74996af53467bc394c97be7/importlib_metadata-8.5.0-py3-none-any.whl", hash = "sha256:45e54197d28b7a7f1559e60b95e7c567032b602131fbd588f1497f47880aa68b" },
]

[[package]]
name = "importlib-metadata"
version = "8.7.0"
source = { registry = "https://mirrors.aliyun.com/pypi/simple/" }
resolution-markers = [
    "python_full_version == '3.9.*'",
]
dependencies = [
    { name = "zipp", version = "3.23.0", source = { registry = "https://mirrors.aliyun.com/pypi/simple/" }, marker = "python_full_version == '3.9.*'" },
]
sdist = { url = "https://mirrors.aliyun.com/pypi/packages/76/66/650a33bd90f786193e4de4b3ad86ea60b53c89b669a5c7be931fac31cdb0/importlib_metadata-8.7.0.tar.gz", hash = "sha256:d13b81ad223b890aa16c5471f2ac3056cf76c5f10f82d6f9292f0b415f389000" }
wheels = [
    { url = "https://mirrors.aliyun.com/pypi/packages/20/b0/36bd937216ec521246249be3bf9855081de4c5e06a0c9b4219dbeda50373/importlib_metadata-8.7.0-py3-none-any.whl", hash = "sha256:e5dd1551894c77868a30651cef00984d50e1002d06942a7101d34870c5f02afd" },
]

[[package]]
name = "macholib"
version = "1.16.3"
source = { registry = "https://mirrors.aliyun.com/pypi/simple/" }
dependencies = [
    { name = "altgraph" },
]
sdist = { url = "https://mirrors.aliyun.com/pypi/packages/95/ee/af1a3842bdd5902ce133bd246eb7ffd4375c38642aeb5dc0ae3a0329dfa2/macholib-1.16.3.tar.gz", hash = "sha256:07ae9e15e8e4cd9a788013d81f5908b3609aa76f9b1421bae9c4d7606ec86a30" }
wheels = [
    { url = "https://mirrors.aliyun.com/pypi/packages/d1/5d/c059c180c84f7962db0aeae7c3b9303ed1d73d76f2bfbc32bc231c8be314/macholib-1.16.3-py2.py3-none-any.whl", hash = "sha256:0e315d7583d38b8c77e815b1ecbdbf504a8258d8b3e17b61165c6feb60d18f2c" },
]

[[package]]
name = "packaging"
version = "25.0"
source = { registry = "https://mirrors.aliyun.com/pypi/simple/" }
sdist = { url = "https://mirrors.aliyun.com/pypi/packages/a1/d4/1fc4078c65507b51b96ca8f8c3ba19e6a61c8253c72794544580a7b6c24d/packaging-25.0.tar.gz", hash = "sha256:d443872c98d677bf60f6a1f2f8c1cb748e8fe762d2bf9d3148b5599295b0fc4f" }
wheels = [
    { url = "https://mirrors.aliyun.com/pypi/packages/20/12/38679034af332785aac8774540895e234f4d07f7545804097de4b666afd8/packaging-25.0-py3-none-any.whl", hash = "sha256:29572ef2b1f17581046b3a2227d5c611fb25ec70ca1ba8554b24b0e69331a484" },
]

[[package]]
name = "pathspec"
version = "0.12.1"
source = { registry = "https://mirrors.aliyun.com/pypi/simple/" }
sdist = { url = "https://mirrors.aliyun.com/pypi/packages/ca/bc/f35b8446f4531a7cb215605d100cd88b7ac6f44ab3fc94870c120ab3adbf/pathspec-0.12.1.tar.gz", hash = "sha256:a482d51503a1ab33b1c67a6c3813a26953dbdc71c31dacaef9a838c4e29f5712" }
wheels = [
    { url = "https://mirrors.aliyun.com/pypi/packages/cc/20/ff623b09d963f88bfde16306a54e12ee5ea43e9b597108672ff3a408aad6/pathspec-0.12.1-py3-none-any.whl", hash = "sha256:a0d503e138a4c123b27490a4f7beda6a01c6f288df0e4a8b79c7eb0dc7b4cc08" },
]

[[package]]
name = "pefile"
version = "2023.2.7"
source = { registry = "https://mirrors.aliyun.com/pypi/simple/" }
sdist = { url = "https://mirrors.aliyun.com/pypi/packages/78/c5/3b3c62223f72e2360737fd2a57c30e5b2adecd85e70276879609a7403334/pefile-2023.2.7.tar.gz", hash = "sha256:82e6114004b3d6911c77c3953e3838654b04511b8b66e8583db70c65998017dc" }
wheels = [
    { url = "https://mirrors.aliyun.com/pypi/packages/55/26/d0ad8b448476d0a1e8d3ea5622dc77b916db84c6aa3cb1e1c0965af948fc/pefile-2023.2.7-py3-none-any.whl", hash = "sha256:da185cd2af68c08a6cd4481f7325ed600a88f6a813bad9dea07ab3ef73d8d8d6" },
]

[[package]]
name = "pyinstaller"
version = "6.15.0"
source = { registry = "https://mirrors.aliyun.com/pypi/simple/" }
dependencies = [
    { name = "altgraph" },
    { name = "importlib-metadata", version = "8.5.0", source = { registry = "https://mirrors.aliyun.com/pypi/simple/" }, marker = "python_full_version < '3.9'" },
    { name = "importlib-metadata", version = "8.7.0", source = { registry = "https://mirrors.aliyun.com/pypi/simple/" }, marker = "python_full_version == '3.9.*'" },
    { name = "macholib", marker = "sys_platform == 'darwin'" },
    { name = "packaging" },
    { name = "pefile", marker = "sys_platform == 'win32'" },
    { name = "pyinstaller-hooks-contrib" },
    { name = "pywin32-ctypes", marker = "sys_platform == 'win32'" },
    { name = "setuptools", version = "75.3.2", source = { registry = "https://mirrors.aliyun.com/pypi/simple/" }, marker = "python_full_version < '3.9'" },
    { name = "setuptools", version = "80.9.0", source = { registry = "https://mirrors.aliyun.com/pypi/simple/" }, marker = "python_full_version >= '3.9'" },
]
sdist = { url = "https://mirrors.aliyun.com/pypi/packages/64/17/b2bb4de22650adbeef401fa82a1b43028976547a8728602e4d29735b455e/pyinstaller-6.15.0.tar.gz", hash = "sha256:a48fc4644ee4aa2aa2a35e7b51f496f8fbd7eecf6a2150646bbf1613ad07bc2d" }
wheels = [
    { url = "https://mirrors.aliyun.com/pypi/packages/24/dd/d5c8a127446adda954f68ea7fac22772f7ab8656ad4b06df396d82574ca9/pyinstaller-6.15.0-py3-none-macosx_10_13_universal2.whl", hash = "sha256:9f00c71c40148cd1e61695b2c6f1e086693d3bcf9bfa22ab513aa4254c3b966f" },
    { url = "https://mirrors.aliyun.com/pypi/packages/2d/2a/7b50593b419db43e48d9bdeebaac0ff92a5fe035f3c30f87ca3e1650d7e2/pyinstaller-6.15.0-py3-none-manylinux2014_aarch64.whl", hash = "sha256:cbcc8eb77320c60722030ac875883b564e00768fe3ff1721c7ba3ad0e0a277e9" },
    { url = "https://mirrors.aliyun.com/pypi/packages/77/83/7f498fba0154c57eb5fc93eb9680a2dbadb9f780a3389fb85b8d79683378/pyinstaller-6.15.0-py3-none-manylinux2014_i686.whl", hash = "sha256:c33e6302bc53db2df1104ed5566bd980b3e0ee7f18416a6e3caa908c12a54542" },
    { url = "https://mirrors.aliyun.com/pypi/packages/09/d6/e4477feab7c8379fb49e7ec95c82d0a69ad88f6ccc247f76bef3cb0e3432/pyinstaller-6.15.0-py3-none-manylinux2014_ppc64le.whl", hash = "sha256:eb902d0fed3bb1f8b7190dc4df5c11f3b59505767e0d56d1ed782b853938bbf3" },
    { url = "https://mirrors.aliyun.com/pypi/packages/32/7e/ff25648276f15e2e77fc563d36d8cfcd917e077bf2a172420df3588601b4/pyinstaller-6.15.0-py3-none-manylinux2014_s390x.whl", hash = "sha256:b4df862adae7cf1f08eff53c43ace283822447f7f528f72e4f94749062712f15" },
    { url = "https://mirrors.aliyun.com/pypi/packages/db/3d/267a7dddd0647de95d260780050ccd8228ab29d2b9edea54ed1f56800967/pyinstaller-6.15.0-py3-none-manylinux2014_x86_64.whl", hash = "sha256:b9ebf16ed0f99016ae8ae5746dee4cb244848a12941539e62ce2eea1df5a3f95" },
    { url = "https://mirrors.aliyun.com/pypi/packages/4d/61/962b2eb79ef225233e2d6e04600e998935328011dfb2fa775b1dd16b943a/pyinstaller-6.15.0-py3-none-musllinux_1_1_aarch64.whl", hash = "sha256:22193489e6a22435417103f61e7950363bba600ef36ec3ab1487303668c81092" },
    { url = "https://mirrors.aliyun.com/pypi/packages/67/5e/4e20e1c0e5791b09b69bef3ac921fd0cd25551b56879324ad999b92fa045/pyinstaller-6.15.0-py3-none-musllinux_1_1_x86_64.whl", hash = "sha256:18f743069849dbaee3e10900385f35795a5743eabab55e99dcc42f204e40a0db" },
    { url = "https://mirrors.aliyun.com/pypi/packages/88/31/28956c534991f289e2f981c715730b6241e75dc6295737a8cbd050a0cc8c/pyinstaller-6.15.0-py3-none-win32.whl", hash = "sha256:60da8f1b5071766b45c0f607d8bc3d7e59ba2c3b262d08f2e4066ba65f3544a2" },
    { url = "https://mirrors.aliyun.com/pypi/packages/09/ab/6a45186c7f8e34c422faecd72580116a67d068158c57faa2d2f6d01faa7f/pyinstaller-6.15.0-py3-none-win_amd64.whl", hash = "sha256:cbea297e16eeda30b41c300d6ec2fd2abea4dbd8d8a32650eeec36431c94fcd9" },
    { url = "https://mirrors.aliyun.com/pypi/packages/5b/86/72159af032b9db36f2470a3b085f79277ec1c38e7e48f8c5dc1ed16dc4e1/pyinstaller-6.15.0-py3-none-win_arm64.whl", hash = "sha256:f43c035621742cf2d19b84308c60e4e44e72c94786d176b8f6adcde351b5bd98" },
]

[[package]]
name = "pyinstaller-hooks-contrib"
version = "2025.8"
source = { registry = "https://mirrors.aliyun.com/pypi/simple/" }
dependencies = [
    { name = "importlib-metadata", version = "8.5.0", source = { registry = "https://mirrors.aliyun.com/pypi/simple/" }, marker = "python_full_version < '3.9'" },
    { name = "importlib-metadata", version = "8.7.0", source = { registry = "https://mirrors.aliyun.com/pypi/simple/" }, marker = "python_full_version == '3.9.*'" },
    { name = "packaging" },
    { name = "setuptools", version = "75.3.2", source = { registry = "https://mirrors.aliyun.com/pypi/simple/" }, marker = "python_full_version < '3.9'" },
    { name = "setuptools", version = "80.9.0", source = { registry = "https://mirrors.aliyun.com/pypi/simple/" }, marker = "python_full_version >= '3.9'" },
]
sdist = { url = "https://mirrors.aliyun.com/pypi/packages/71/d6/e5b378b7d4add8c879295c531309b0320e9c07a70458665d091760ffdc87/pyinstaller_hooks_contrib-2025.8.tar.gz", hash = "sha256:3402ad41dfe9b5110af134422e37fc5d421ba342c6cb980bd67cb30b7415641c" }
wheels = [
    { url = "https://mirrors.aliyun.com/pypi/packages/48/34/1d973d0dae849683e53fbcda84443ce016f315e6f4dc7605ede4f56a28c3/pyinstaller_hooks_contrib-2025.8-py3-none-any.whl", hash = "sha256:8d0b8cfa0cb689a619294ae200497374234bd4e3994b3ace2a4442274c899064" },
]

[[package]]
name = "pywin32-ctypes"
version = "0.2.3"
source = { registry = "https://mirrors.aliyun.com/pypi/simple/" }
sdist = { url = "https://mirrors.aliyun.com/pypi/packages/85/9f/01a1a99704853cb63f253eea009390c88e7131c67e66a0a02099a8c917cb/pywin32-ctypes-0.2.3.tar.gz", hash = "sha256:d162dc04946d704503b2edc4d55f3dba5c1d539ead017afa00142c38b9885755" }
wheels = [
    { url = "https://mirrors.aliyun.com/pypi/packages/de/3d/8161f7711c017e01ac9f008dfddd9410dff3674334c233bde66e7ba65bbf/pywin32_ctypes-0.2.3-py3-none-any.whl", hash = "sha256:8a1513379d709975552d202d942d9837758905c8d01eb82b8bcc30918929e7b8" },
]

[[package]]
name = "setuptools"
version = "75.3.2"
source = { registry = "https://mirrors.aliyun.com/pypi/simple/" }
resolution-markers = [
    "python_full_version < '3.9'",
]
sdist = { url = "https://mirrors.aliyun.com/pypi/packages/5c/01/771ea46cce201dd42cff043a5eea929d1c030fb3d1c2ee2729d02ca7814c/setuptools-75.3.2.tar.gz", hash = "sha256:3c1383e1038b68556a382c1e8ded8887cd20141b0eb5708a6c8d277de49364f5" }
wheels = [
    { url = "https://mirrors.aliyun.com/pypi/packages/15/65/3f0dba35760d902849d39d38c0a72767794b1963227b69a587f8a336d08c/setuptools-75.3.2-py3-none-any.whl", hash = "sha256:90ab613b6583fc02d5369cbca13ea26ea0e182d1df2d943ee9cbe81d4c61add9" },
]

[[package]]
name = "setuptools"
version = "80.9.0"
source = { registry = "https://mirrors.aliyun.com/pypi/simple/" }
resolution-markers = [
    "python_full_version >= '3.10'",
    "python_full_version == '3.9.*'",
]
sdist = { url = "https://mirrors.aliyun.com/pypi/packages/18/5d/3bf57dcd21979b887f014ea83c24ae194cfcd12b9e0fda66b957c69d1fca/setuptools-80.9.0.tar.gz", hash = "sha256:f36b47402ecde768dbfafc46e8e4207b4360c654f1f3bb84475f0a28628fb19c" }
wheels = [
    { url = "https://mirrors.aliyun.com/pypi/packages/a3/dc/17031897dae0efacfea57dfd3a82fdd2a2aeb58e0ff71b77b87e44edc772/setuptools-80.9.0-py3-none-any.whl", hash = "sha256:062d34222ad13e0cc312a4c02d73f059e86a4acbfbdea8f8f76b28c99f306922" },
]

[[package]]
name = "topyd"
version = "0.1"
source = { editable = "." }
dependencies = [
    { name = "click", version = "8.1.8", source = { registry = "https://mirrors.aliyun.com/pypi/simple/" }, marker = "python_full_version < '3.10'" },
    { name = "click", version = "8.2.1", source = { registry = "https://mirrors.aliyun.com/pypi/simple/" }, marker = "python_full_version >= '3.10'" },
    { name = "cython" },
    { name = "pathspec" },
    { name = "pyinstaller" },
    { name = "setuptools", version = "75.3.2", source = { registry = "https://mirrors.aliyun.com/pypi/simple/" }, marker = "python_full_version < '3.9'" },
    { name = "setuptools", version = "80.9.0", source = { registry = "https://mirrors.aliyun.com/pypi/simple/" }, marker = "python_full_version >= '3.9'" },
]

[package.metadata]
requires-dist = [
    { name = "click", specifier = ">=8.1.8" },
    { name = "cython", specifier = ">=3.0.0" },
    { name = "pathspec", specifier = ">=0.12.1" },
    { name = "pyinstaller", specifier = ">=6.15.0" },
    { name = "setuptools", specifier = ">=75.3.2" },
]

[[package]]
name = "zipp"
version = "3.20.2"
source = { registry = "https://mirrors.aliyun.com/pypi/simple/" }
resolution-markers = [
    "python_full_version < '3.9'",
]
sdist = { url = "https://mirrors.aliyun.com/pypi/packages/54/bf/5c0000c44ebc80123ecbdddba1f5dcd94a5ada602a9c225d84b5aaa55e86/zipp-3.20.2.tar.gz", hash = "sha256:bc9eb26f4506fda01b81bcde0ca78103b6e62f991b381fec825435c836edbc29" }
wheels = [
    { url = "https://mirrors.aliyun.com/pypi/packages/62/8b/5ba542fa83c90e09eac972fc9baca7a88e7e7ca4b221a89251954019308b/zipp-3.20.2-py3-none-any.whl", hash = "sha256:a817ac80d6cf4b23bf7f2828b7cabf326f15a001bea8b1f9b49631780ba28350" },
]

[[package]]
name = "zipp"
version = "3.23.0"
source = { registry = "https://mirrors.aliyun.com/pypi/simple/" }
resolution-markers = [
    "python_full_version == '3.9.*'",
]
sdist = { url = "https://mirrors.aliyun.com/pypi/packages/e3/02/0f2892c661036d50ede074e376733dca2ae7c6eb617489437771209d4180/zipp-3.23.0.tar.gz", hash = "sha256:a07157588a12518c9d4034df3fbbee09c814741a33ff63c05fa29d26a2404166" }
wheels = [
    { url = "https://mirrors.aliyun.com/pypi/packages/2e/54/647ade08bf0db230bfea292f893923872fd20be6ac6f53b2b936ba839d75/zipp-3.23.0-py3-none-any.whl", hash = "sha256:071652d6115ed432f5ce1d34c336c0adfd6a884660d1e9712a256d3d3bd4b14e" },
]
