$begin 'ConnectionParameters'
	DesktopProcessID=38684
	DesktopProcessPath='C:\\Program Files\\ANSYS Inc\\ANSYS Student\\v252\\AnsysEM\\ansysedtsv.exe'
	LaunchedByWB=false
	GRPCPort=53899
	$begin 'DesktopStubBlock'
		$begin 'CommDetails'
			TransportType=1
			IPAddress='26.159.108.233'
			ListenPort='53902'
			IPAddressVector[3: '172.30.16.1', '192.168.1.128', '10.2.0.2']
		$end 'CommDetails'
		$begin 'Marshall'
			InstanceID=503
			ProcID=38684
			InterfaceID=1
			FactoryIntID='DesktopInterfaceForWBProxyStubFactory'
		$end 'Marshall'
	$end 'DesktopStubBlock'
	$begin 'DesktopBackgroundObjStubBlock'
		$begin 'CommDetails'
			TransportType=1
			IPAddress='26.159.108.233'
			ListenPort='53902'
			IPAddressVector[3: '172.30.16.1', '192.168.1.128', '10.2.0.2']
		$end 'CommDetails'
		$begin 'Marshall'
			InstanceID=505
			ProcID=38684
			InterfaceID=2
			FactoryIntID='DesktopInterfaceForWBProxyStubFactory'
		$end 'Marshall'
	$end 'DesktopBackgroundObjStubBlock'
$end 'ConnectionParameters'
