version = 1
revision = 3
requires-python = ">=3.13"

[[package]]
name = "herogold"
version = "0.2.1"
source = { editable = "." }

[package.metadata]
requires-dist = [{ name = "herogold", extras = ["sentinel"], marker = "extra == 'random'" }]
provides-extras = ["backup", "color", "config", "examples", "log", "progress", "sentinel", "random"]
